
Microsoft Visual Studio Solution File, Format Version 12.00
# Visual Studio Version 16
VisualStudioVersion = 16.0.30907.101
MinimumVisualStudioVersion = 10.0.40219.1
Project("{FAE04EC0-301F-11D3-BF4B-00C04F79EFBC}") = "NunitAssignment", "NunitAssignment\NunitAssignment.csproj", "{C765A281-6F7D-49C0-AA64-E39C4CFF818C}"
EndProject
Project("{FAE04EC0-301F-11D3-BF4B-00C04F79EFBC}") = "Services", "Services\Services.csproj", "{3373A5D7-2016-4CB3-9D52-B3984A3EA16A}"
EndProject
Global
	GlobalSection(SolutionConfigurationPlatforms) = preSolution
		Debug|Any CPU = Debug|Any CPU
		Release|Any CPU = Release|Any CPU
	EndGlobalSection
	GlobalSection(ProjectConfigurationPlatforms) = postSolution
		{C765A281-6F7D-49C0-AA64-E39C4CFF818C}.Debug|Any CPU.ActiveCfg = Debug|Any CPU
		{C765A281-6F7D-49C0-AA64-E39C4CFF818C}.Debug|Any CPU.Build.0 = Debug|Any CPU
		{C765A281-6F7D-49C0-AA64-E39C4CFF818C}.Release|Any CPU.ActiveCfg = Release|Any CPU
		{C765A281-6F7D-49C0-AA64-E39C4CFF818C}.Release|Any CPU.Build.0 = Release|Any CPU
		{3373A5D7-2016-4CB3-9D52-B3984A3EA16A}.Debug|Any CPU.ActiveCfg = Debug|Any CPU
		{3373A5D7-2016-4CB3-9D52-B3984A3EA16A}.Debug|Any CPU.Build.0 = Debug|Any CPU
		{3373A5D7-2016-4CB3-9D52-B3984A3EA16A}.Release|Any CPU.ActiveCfg = Release|Any CPU
		{3373A5D7-2016-4CB3-9D52-B3984A3EA16A}.Release|Any CPU.Build.0 = Release|Any CPU
	EndGlobalSection
	GlobalSection(SolutionProperties) = preSolution
		HideSolutionNode = FALSE
	EndGlobalSection
	GlobalSection(ExtensibilityGlobals) = postSolution
		SolutionGuid = {5A4292E0-6975-4495-8385-D8158AC393ED}
	EndGlobalSection
EndGlobal
